
Microsoft Visual Studio Solution File, Format Version 12.00
# Visual Studio Version 17
VisualStudioVersion = 17.13.35913.81
MinimumVisualStudioVersion = 10.0.40219.1
Project("{FAE04EC0-301F-11D3-BF4B-00C04F79EFBC}") = "TFileExplorer", "TFileExplorer.csproj", "{C6CA7051-6255-4976-897A-F5058F55036F}"
EndProject
Global
	GlobalSection(SolutionConfigurationPlatforms) = preSolution
		Debug|Any CPU = Debug|Any CPU
		Release|Any CPU = Release|Any CPU
	EndGlobalSection
	GlobalSection(ProjectConfigurationPlatforms) = postSolution
		{C6CA7051-6255-4976-897A-F5058F55036F}.Debug|Any CPU.ActiveCfg = Debug|Any CPU
		{C6CA7051-6255-4976-897A-F5058F55036F}.Debug|Any CPU.Build.0 = Debug|Any CPU
		{C6CA7051-6255-4976-897A-F5058F55036F}.Release|Any CPU.ActiveCfg = Release|Any CPU
		{C6CA7051-6255-4976-897A-F5058F55036F}.Release|Any CPU.Build.0 = Release|Any CPU
	EndGlobalSection
	GlobalSection(SolutionProperties) = preSolution
		HideSolutionNode = FALSE
	EndGlobalSection
	GlobalSection(ExtensibilityGlobals) = postSolution
		SolutionGuid = {042E650E-91A1-4859-9AD7-177115E535C0}
	EndGlobalSection
EndGlobal
